
Microsoft Visual Studio Solution File, Format Version 12.00
# Visual Studio 15
VisualStudioVersion = 15.0.27004.2009
MinimumVisualStudioVersion = 10.0.40219.1
Project("{FAE04EC0-301F-11D3-BF4B-00C04F79EFBC}") = "ID3", "ID3\ID3.csproj", "{5E360585-7200-4574-9EE3-6DBC97A6D422}"
EndProject
Global
	GlobalSection(SolutionConfigurationPlatforms) = preSolution
		Debug|x86 = Debug|x86
		Release|x86 = Release|x86
	EndGlobalSection
	GlobalSection(ProjectConfigurationPlatforms) = postSolution
		{5E360585-7200-4574-9EE3-6DBC97A6D422}.Debug|x86.ActiveCfg = Debug|x86
		{5E360585-7200-4574-9EE3-6DBC97A6D422}.Debug|x86.Build.0 = Debug|x86
		{5E360585-7200-4574-9EE3-6DBC97A6D422}.Release|x86.ActiveCfg = Release|x86
		{5E360585-7200-4574-9EE3-6DBC97A6D422}.Release|x86.Build.0 = Release|x86
	EndGlobalSection
	GlobalSection(SolutionProperties) = preSolution
		HideSolutionNode = FALSE
	EndGlobalSection
	GlobalSection(ExtensibilityGlobals) = postSolution
		SolutionGuid = {1D2D1DEA-851A-459E-8BF0-AA294071DA3E}
	EndGlobalSection
EndGlobal
